
Microsoft Visual Studio Solution File, Format Version 12.00
# Visual Studio Version 17
VisualStudioVersion = 17.6.33829.357
MinimumVisualStudioVersion = 10.0.40219.1
Project("{FAE04EC0-301F-11D3-BF4B-00C04F79EFBC}") = "Server_fitlife", "Server_fitlife.csproj", "{DC69C6DA-38AF-4558-9801-F998805DAE0E}"
EndProject
Global
	GlobalSection(SolutionConfigurationPlatforms) = preSolution
		Debug|Any CPU = Debug|Any CPU
		Release|Any CPU = Release|Any CPU
	EndGlobalSection
	GlobalSection(ProjectConfigurationPlatforms) = postSolution
		{DC69C6DA-38AF-4558-9801-F998805DAE0E}.Debug|Any CPU.ActiveCfg = Debug|Any CPU
		{DC69C6DA-38AF-4558-9801-F998805DAE0E}.Debug|Any CPU.Build.0 = Debug|Any CPU
		{DC69C6DA-38AF-4558-9801-F998805DAE0E}.Release|Any CPU.ActiveCfg = Release|Any CPU
		{DC69C6DA-38AF-4558-9801-F998805DAE0E}.Release|Any CPU.Build.0 = Release|Any CPU
	EndGlobalSection
	GlobalSection(SolutionProperties) = preSolution
		HideSolutionNode = FALSE
	EndGlobalSection
	GlobalSection(ExtensibilityGlobals) = postSolution
		SolutionGuid = {29EB5513-6987-42D0-A2DB-83217E3EE1B6}
	EndGlobalSection
EndGlobal
